// !$*UTF8*$!
{
	archiveVersion = 1;
	classes = {
	};
	objectVersion = 46;
	objects = {

/* Begin PBXBuildFile section */
		4852F42A1C594A540018C142 /* main.m in Sources */ = {isa = PBXBuildFile; fileRef = 4852F4291C594A540018C142 /* main.m */; };
		4852F4321C594A970018C142 /* MyDBConnection.m in Sources */ = {isa = PBXBuildFile; fileRef = 4852F4311C594A970018C142 /* MyDBConnection.m */; };
		4852F43D1C595AA00018C142 /* DBUnitTests.m in Sources */ = {isa = PBXBuildFile; fileRef = 4852F43C1C595AA00018C142 /* DBUnitTests.m */; };
		4852F4431C595D270018C142 /* MyDBConnection.m in Sources */ = {isa = PBXBuildFile; fileRef = 4852F4311C594A970018C142 /* MyDBConnection.m */; };
/* End PBXBuildFile section */

/* Begin PBXCopyFilesBuildPhase section */
		4852F4241C594A540018C142 /* CopyFiles */ = {
			isa = PBXCopyFilesBuildPhase;
			buildActionMask = 2147483647;
			dstPath = /usr/share/man/man1/;
			dstSubfolderSpec = 0;
			files = (
			);
			runOnlyForDeploymentPostprocessing = 1;
		};
/* End PBXCopyFilesBuildPhase section */

/* Begin PBXFileReference section */
		4852F4261C594A540018C142 /* Interview */ = {isa = PBXFileReference; explicitFileType = "compiled.mach-o.executable"; includeInIndex = 0; path = Interview; sourceTree = BUILT_PRODUCTS_DIR; };
		4852F4291C594A540018C142 /* main.m */ = {isa = PBXFileReference; lastKnownFileType = sourcecode.c.objc; path = main.m; sourceTree = "<group>"; };
		4852F4301C594A970018C142 /* MyDBConnection.h */ = {isa = PBXFileReference; fileEncoding = 4; lastKnownFileType = sourcecode.c.h; path = MyDBConnection.h; sourceTree = "<group>"; };
		4852F4311C594A970018C142 /* MyDBConnection.m */ = {isa = PBXFileReference; fileEncoding = 4; lastKnownFileType = sourcecode.c.objc; path = MyDBConnection.m; sourceTree = "<group>"; };
		4852F43A1C595AA00018C142 /* DBUnitTests.xctest */ = {isa = PBXFileReference; explicitFileType = wrapper.cfbundle; includeInIndex = 0; path = DBUnitTests.xctest; sourceTree = BUILT_PRODUCTS_DIR; };
		4852F43C1C595AA00018C142 /* DBUnitTests.m */ = {isa = PBXFileReference; lastKnownFileType = sourcecode.c.objc; path = DBUnitTests.m; sourceTree = "<group>"; };
		4852F43E1C595AA00018C142 /* Info.plist */ = {isa = PBXFileReference; lastKnownFileType = text.plist.xml; path = Info.plist; sourceTree = "<group>"; };
/* End PBXFileReference section */

/* Begin PBXFrameworksBuildPhase section */
		4852F4231C594A540018C142 /* Frameworks */ = {
			isa = PBXFrameworksBuildPhase;
			buildActionMask = 2147483647;
			files = (
			);
			runOnlyForDeploymentPostprocessing = 0;
		};
		4852F4371C595AA00018C142 /* Frameworks */ = {
			isa = PBXFrameworksBuildPhase;
			buildActionMask = 2147483647;
			files = (
			);
			runOnlyForDeploymentPostprocessing = 0;
		};
/* End PBXFrameworksBuildPhase section */

/* Begin PBXGroup section */
		4852F41D1C594A540018C142 = {
			isa = PBXGroup;
			children = (
				4852F4281C594A540018C142 /* Interview */,
				4852F43B1C595AA00018C142 /* DBUnitTests */,
				4852F4271C594A540018C142 /* Products */,
			);
			sourceTree = "<group>";
		};
		4852F4271C594A540018C142 /* Products */ = {
			isa = PBXGroup;
			children = (
				4852F4261C594A540018C142 /* Interview */,
				4852F43A1C595AA00018C142 /* DBUnitTests.xctest */,
			);
			name = Products;
			sourceTree = "<group>";
		};
		4852F4281C594A540018C142 /* Interview */ = {
			isa = PBXGroup;
			children = (
				4852F4291C594A540018C142 /* main.m */,
				4852F4301C594A970018C142 /* MyDBConnection.h */,
				4852F4311C594A970018C142 /* MyDBConnection.m */,
			);
			path = Interview;
			sourceTree = "<group>";
		};
		4852F43B1C595AA00018C142 /* DBUnitTests */ = {
			isa = PBXGroup;
			children = (
				4852F43C1C595AA00018C142 /* DBUnitTests.m */,
				4852F43E1C595AA00018C142 /* Info.plist */,
			);
			path = DBUnitTests;
			sourceTree = "<group>";
		};
/* End PBXGroup section */

/* Begin PBXNativeTarget section */
		4852F4251C594A540018C142 /* Interview */ = {
			isa = PBXNativeTarget;
			buildConfigurationList = 4852F42D1C594A540018C142 /* Build configuration list for PBXNativeTarget "Interview" */;
			buildPhases = (
				4852F4221C594A540018C142 /* Sources */,
				4852F4231C594A540018C142 /* Frameworks */,
				4852F4241C594A540018C142 /* CopyFiles */,
			);
			buildRules = (
			);
			dependencies = (
			);
			name = Interview;
			productName = Interview;
			productReference = 4852F4261C594A540018C142 /* Interview */;
			productType = "com.apple.product-type.tool";
		};
		4852F4391C595AA00018C142 /* DBUnitTests */ = {
			isa = PBXNativeTarget;
			buildConfigurationList = 4852F43F1C595AA00018C142 /* Build configuration list for PBXNativeTarget "DBUnitTests" */;
			buildPhases = (
				4852F4361C595AA00018C142 /* Sources */,
				4852F4371C595AA00018C142 /* Frameworks */,
				4852F4381C595AA00018C142 /* Resources */,
			);
			buildRules = (
			);
			dependencies = (
			);
			name = DBUnitTests;
			productName = DBUnitTests;
			productReference = 4852F43A1C595AA00018C142 /* DBUnitTests.xctest */;
			productType = "com.apple.product-type.bundle.unit-test";
		};
/* End PBXNativeTarget section */

/* Begin PBXProject section */
		4852F41E1C594A540018C142 /* Project object */ = {
			isa = PBXProject;
			attributes = {
				LastUpgradeCheck = 0730;
				ORGANIZATIONNAME = Apple;
				TargetAttributes = {
					4852F4251C594A540018C142 = {
						CreatedOnToolsVersion = 7.3;
					};
					4852F4391C595AA00018C142 = {
						CreatedOnToolsVersion = 7.3;
					};
				};
			};
			buildConfigurationList = 4852F4211C594A540018C142 /* Build configuration list for PBXProject "Interview" */;
			compatibilityVersion = "Xcode 3.2";
			developmentRegion = English;
			hasScannedForEncodings = 0;
			knownRegions = (
				en,
			);
			mainGroup = 4852F41D1C594A540018C142;
			productRefGroup = 4852F4271C594A540018C142 /* Products */;
			projectDirPath = "";
			projectRoot = "";
			targets = (
				4852F4251C594A540018C142 /* Interview */,
				4852F4391C595AA00018C142 /* DBUnitTests */,
			);
		};
/* End PBXProject section */

/* Begin PBXResourcesBuildPhase section */
		4852F4381C595AA00018C142 /* Resources */ = {
			isa = PBXResourcesBuildPhase;
			buildActionMask = 2147483647;
			files = (
			);
			runOnlyForDeploymentPostprocessing = 0;
		};
/* End PBXResourcesBuildPhase section */

/* Begin PBXSourcesBuildPhase section */
		4852F4221C594A540018C142 /* Sources */ = {
			isa = PBXSourcesBuildPhase;
			buildActionMask = 2147483647;
			files = (
				4852F42A1C594A540018C142 /* main.m in Sources */,
				4852F4321C594A970018C142 /* MyDBConnection.m in Sources */,
			);
			runOnlyForDeploymentPostprocessing = 0;
		};
		4852F4361C595AA00018C142 /* Sources */ = {
			isa = PBXSourcesBuildPhase;
			buildActionMask = 2147483647;
			files = (
				4852F43D1C595AA00018C142 /* DBUnitTests.m in Sources */,
				4852F4431C595D270018C142 /* MyDBConnection.m in Sources */,
			);
			runOnlyForDeploymentPostprocessing = 0;
		};
/* End PBXSourcesBuildPhase section */

/* Begin XCBuildConfiguration section */
		4852F42B1C594A540018C142 /* Debug */ = {
			isa = XCBuildConfiguration;
			buildSettings = {
				ALWAYS_SEARCH_USER_PATHS = NO;
				CLANG_CXX_LANGUAGE_STANDARD = "gnu++0x";
				CLANG_CXX_LIBRARY = "libc++";
				CLANG_ENABLE_MODULES = YES;
				CLANG_ENABLE_OBJC_ARC = YES;
				CLANG_WARN_BOOL_CONVERSION = YES;
				CLANG_WARN_CONSTANT_CONVERSION = YES;
				CLANG_WARN_DIRECT_OBJC_ISA_USAGE = YES_ERROR;
				CLANG_WARN_EMPTY_BODY = YES;
				CLANG_WARN_ENUM_CONVERSION = YES;
				CLANG_WARN_INT_CONVERSION = YES;
				CLANG_WARN_OBJC_ROOT_CLASS = YES_ERROR;
				CLANG_WARN_UNREACHABLE_CODE = YES;
				CLANG_WARN__DUPLICATE_METHOD_MATCH = YES;
				CODE_SIGN_IDENTITY = "-";
				COPY_PHASE_STRIP = NO;
				DEBUG_INFORMATION_FORMAT = dwarf;
				ENABLE_STRICT_OBJC_MSGSEND = YES;
				ENABLE_TESTABILITY = YES;
				GCC_C_LANGUAGE_STANDARD = gnu99;
				GCC_DYNAMIC_NO_PIC = NO;
				GCC_NO_COMMON_BLOCKS = YES;
				GCC_OPTIMIZATION_LEVEL = 0;
				GCC_PREPROCESSOR_DEFINITIONS = (
					"DEBUG=1",
					"$(inherited)",
				);
				GCC_WARN_64_TO_32_BIT_CONVERSION = YES;
				GCC_WARN_ABOUT_RETURN_TYPE = YES_ERROR;
				GCC_WARN_UNDECLARED_SELECTOR = YES;
				GCC_WARN_UNINITIALIZED_AUTOS = YES_AGGRESSIVE;
				GCC_WARN_UNUSED_FUNCTION = YES;
				GCC_WARN_UNUSED_VARIABLE = YES;
				MACOSX_DEPLOYMENT_TARGET = 10.11;
				MTL_ENABLE_DEBUG_INFO = YES;
				ONLY_ACTIVE_ARCH = YES;
				SDKROOT = macosx;
			};
			name = Debug;
		};
		4852F42C1C594A540018C142 /* Release */ = {
			isa = XCBuildConfiguration;
			buildSettings = {
				ALWAYS_SEARCH_USER_PATHS = NO;
				CLANG_CXX_LANGUAGE_STANDARD = "gnu++0x";
				CLANG_CXX_LIBRARY = "libc++";
				CLANG_ENABLE_MODULES = YES;
				CLANG_ENABLE_OBJC_ARC = YES;
				CLANG_WARN_BOOL_CONVERSION = YES;
				CLANG_WARN_CONSTANT_CONVERSION = YES;
				CLANG_WARN_DIRECT_OBJC_ISA_USAGE = YES_ERROR;
				CLANG_WARN_EMPTY_BODY = YES;
				CLANG_WARN_ENUM_CONVERSION = YES;
				CLANG_WARN_INT_CONVERSION = YES;
				CLANG_WARN_OBJC_ROOT_CLASS = YES_ERROR;
				CLANG_WARN_UNREACHABLE_CODE = YES;
				CLANG_WARN__DUPLICATE_METHOD_MATCH = YES;
				CODE_SIGN_IDENTITY = "-";
				COPY_PHASE_STRIP = NO;
				DEBUG_INFORMATION_FORMAT = "dwarf-with-dsym";
				ENABLE_NS_ASSERTIONS = NO;
				ENABLE_STRICT_OBJC_MSGSEND = YES;
				GCC_C_LANGUAGE_STANDARD = gnu99;
				GCC_NO_COMMON_BLOCKS = YES;
				GCC_WARN_64_TO_32_BIT_CONVERSION = YES;
				GCC_WARN_ABOUT_RETURN_TYPE = YES_ERROR;
				GCC_WARN_UNDECLARED_SELECTOR = YES;
				GCC_WARN_UNINITIALIZED_AUTOS = YES_AGGRESSIVE;
				GCC_WARN_UNUSED_FUNCTION = YES;
				GCC_WARN_UNUSED_VARIABLE = YES;
				MACOSX_DEPLOYMENT_TARGET = 10.11;
				MTL_ENABLE_DEBUG_INFO = NO;
				SDKROOT = macosx;
			};
			name = Release;
		};
		4852F42E1C594A540018C142 /* Debug */ = {
			isa = XCBuildConfiguration;
			buildSettings = {
				PRODUCT_NAME = "$(TARGET_NAME)";
			};
			name = Debug;
		};
		4852F42F1C594A540018C142 /* Release */ = {
			isa = XCBuildConfiguration;
			buildSettings = {
				PRODUCT_NAME = "$(TARGET_NAME)";
			};
			name = Release;
		};
		4852F4401C595AA00018C142 /* Debug */ = {
			isa = XCBuildConfiguration;
			buildSettings = {
				COMBINE_HIDPI_IMAGES = YES;
				INFOPLIST_FILE = DBUnitTests/Info.plist;
				LD_RUNPATH_SEARCH_PATHS = "$(inherited) @executable_path/../Frameworks @loader_path/../Frameworks";
				PRODUCT_BUNDLE_IDENTIFIER = com.apple.SU.DBUnitTests;
				PRODUCT_NAME = "$(TARGET_NAME)";
			};
			name = Debug;
		};
		4852F4411C595AA00018C142 /* Release */ = {
			isa = XCBuildConfiguration;
			buildSettings = {
				COMBINE_HIDPI_IMAGES = YES;
				INFOPLIST_FILE = DBUnitTests/Info.plist;
				LD_RUNPATH_SEARCH_PATHS = "$(inherited) @executable_path/../Frameworks @loader_path/../Frameworks";
				PRODUCT_BUNDLE_IDENTIFIER = com.apple.SU.DBUnitTests;
				PRODUCT_NAME = "$(TARGET_NAME)";
			};
			name = Release;
		};
/* End XCBuildConfiguration section */

/* Begin XCConfigurationList section */
		4852F4211C594A540018C142 /* Build configuration list for PBXProject "Interview" */ = {
			isa = XCConfigurationList;
			buildConfigurations = (
				4852F42B1C594A540018C142 /* Debug */,
				4852F42C1C594A540018C142 /* Release */,
			);
			defaultConfigurationIsVisible = 0;
			defaultConfigurationName = Release;
		};
		4852F42D1C594A540018C142 /* Build configuration list for PBXNativeTarget "Interview" */ = {
			isa = XCConfigurationList;
			buildConfigurations = (
				4852F42E1C594A540018C142 /* Debug */,
				4852F42F1C594A540018C142 /* Release */,
			);
			defaultConfigurationIsVisible = 0;
		};
		4852F43F1C595AA00018C142 /* Build configuration list for PBXNativeTarget "DBUnitTests" */ = {
			isa = XCConfigurationList;
			buildConfigurations = (
				4852F4401C595AA00018C142 /* Debug */,
				4852F4411C595AA00018C142 /* Release */,
			);
			defaultConfigurationIsVisible = 0;
		};
/* End XCConfigurationList section */
	};
	rootObject = 4852F41E1C594A540018C142 /* Project object */;
}
